
Microsoft Visual Studio Solution File, Format Version 12.00
# Visual Studio 15
VisualStudioVersion = 15.0.28307.705
MinimumVisualStudioVersion = 10.0.40219.1
Project("{FAE04EC0-301F-11D3-BF4B-00C04F79EFBC}") = "Taller2MVCconSQL", "Taller2MVCconSQL\Taller2MVCconSQL.csproj", "{8D830234-A51F-4AB0-BDEF-F75D98901097}"
EndProject
Project("{FAE04EC0-301F-11D3-BF4B-00C04F79EFBC}") = "Modelo", "Modelo\Modelo.csproj", "{12C41C76-3328-4EA8-B24D-BA4634EB43B7}"
EndProject
Project("{FAE04EC0-301F-11D3-BF4B-00C04F79EFBC}") = "Controlador", "Controlador\Controlador.csproj", "{6028B666-6B05-487A-BFE5-1942577FA7AB}"
EndProject
Global
	GlobalSection(SolutionConfigurationPlatforms) = preSolution
		Debug|Any CPU = Debug|Any CPU
		Release|Any CPU = Release|Any CPU
	EndGlobalSection
	GlobalSection(ProjectConfigurationPlatforms) = postSolution
		{8D830234-A51F-4AB0-BDEF-F75D98901097}.Debug|Any CPU.ActiveCfg = Debug|Any CPU
		{8D830234-A51F-4AB0-BDEF-F75D98901097}.Debug|Any CPU.Build.0 = Debug|Any CPU
		{8D830234-A51F-4AB0-BDEF-F75D98901097}.Release|Any CPU.ActiveCfg = Release|Any CPU
		{8D830234-A51F-4AB0-BDEF-F75D98901097}.Release|Any CPU.Build.0 = Release|Any CPU
		{12C41C76-3328-4EA8-B24D-BA4634EB43B7}.Debug|Any CPU.ActiveCfg = Debug|Any CPU
		{12C41C76-3328-4EA8-B24D-BA4634EB43B7}.Debug|Any CPU.Build.0 = Debug|Any CPU
		{12C41C76-3328-4EA8-B24D-BA4634EB43B7}.Release|Any CPU.ActiveCfg = Release|Any CPU
		{12C41C76-3328-4EA8-B24D-BA4634EB43B7}.Release|Any CPU.Build.0 = Release|Any CPU
		{6028B666-6B05-487A-BFE5-1942577FA7AB}.Debug|Any CPU.ActiveCfg = Debug|Any CPU
		{6028B666-6B05-487A-BFE5-1942577FA7AB}.Debug|Any CPU.Build.0 = Debug|Any CPU
		{6028B666-6B05-487A-BFE5-1942577FA7AB}.Release|Any CPU.ActiveCfg = Release|Any CPU
		{6028B666-6B05-487A-BFE5-1942577FA7AB}.Release|Any CPU.Build.0 = Release|Any CPU
	EndGlobalSection
	GlobalSection(SolutionProperties) = preSolution
		HideSolutionNode = FALSE
	EndGlobalSection
	GlobalSection(ExtensibilityGlobals) = postSolution
		SolutionGuid = {B95AECEB-740C-411F-AEB6-ACCE1E7FE5CD}
	EndGlobalSection
EndGlobal
